// !$*UTF8*$!
{
	archiveVersion = 1;
	classes = {
	};
	objectVersion = 46;
	objects = {

/* Begin PBXBuildFile section */
		8416495C1D6687A6002065C1 /* AppDelegate.swift in Sources */ = {isa = PBXBuildFile; fileRef = 8416495B1D6687A6002065C1 /* AppDelegate.swift */; };
		8416495E1D6687A6002065C1 /* ViewController.swift in Sources */ = {isa = PBXBuildFile; fileRef = 8416495D1D6687A6002065C1 /* ViewController.swift */; };
		841649611D6687A6002065C1 /* Main.storyboard in Resources */ = {isa = PBXBuildFile; fileRef = 8416495F1D6687A6002065C1 /* Main.storyboard */; };
		841649631D6687A6002065C1 /* Assets.xcassets in Resources */ = {isa = PBXBuildFile; fileRef = 841649621D6687A6002065C1 /* Assets.xcassets */; };
		841649661D6687A6002065C1 /* LaunchScreen.storyboard in Resources */ = {isa = PBXBuildFile; fileRef = 841649641D6687A6002065C1 /* LaunchScreen.storyboard */; };
		841649711D6687A6002065C1 /* HandwritingSecurityTests.swift in Sources */ = {isa = PBXBuildFile; fileRef = 841649701D6687A6002065C1 /* HandwritingSecurityTests.swift */; };
		8416497C1D6687A6002065C1 /* HandwritingSecurityUITests.swift in Sources */ = {isa = PBXBuildFile; fileRef = 8416497B1D6687A6002065C1 /* HandwritingSecurityUITests.swift */; };
/* End PBXBuildFile section */

/* Begin PBXContainerItemProxy section */
		8416496D1D6687A6002065C1 /* PBXContainerItemProxy */ = {
			isa = PBXContainerItemProxy;
			containerPortal = 841649501D6687A6002065C1 /* Project object */;
			proxyType = 1;
			remoteGlobalIDString = 841649571D6687A6002065C1;
			remoteInfo = HandwritingSecurity;
		};
		841649781D6687A6002065C1 /* PBXContainerItemProxy */ = {
			isa = PBXContainerItemProxy;
			containerPortal = 841649501D6687A6002065C1 /* Project object */;
			proxyType = 1;
			remoteGlobalIDString = 841649571D6687A6002065C1;
			remoteInfo = HandwritingSecurity;
		};
/* End PBXContainerItemProxy section */

/* Begin PBXFileReference section */
		841649581D6687A6002065C1 /* HandwritingSecurity.app */ = {isa = PBXFileReference; explicitFileType = wrapper.application; includeInIndex = 0; path = HandwritingSecurity.app; sourceTree = BUILT_PRODUCTS_DIR; };
		8416495B1D6687A6002065C1 /* AppDelegate.swift */ = {isa = PBXFileReference; lastKnownFileType = sourcecode.swift; path = AppDelegate.swift; sourceTree = "<group>"; };
		8416495D1D6687A6002065C1 /* ViewController.swift */ = {isa = PBXFileReference; lastKnownFileType = sourcecode.swift; path = ViewController.swift; sourceTree = "<group>"; };
		841649601D6687A6002065C1 /* Base */ = {isa = PBXFileReference; lastKnownFileType = file.storyboard; name = Base; path = Base.lproj/Main.storyboard; sourceTree = "<group>"; };
		841649621D6687A6002065C1 /* Assets.xcassets */ = {isa = PBXFileReference; lastKnownFileType = folder.assetcatalog; path = Assets.xcassets; sourceTree = "<group>"; };
		841649651D6687A6002065C1 /* Base */ = {isa = PBXFileReference; lastKnownFileType = file.storyboard; name = Base; path = Base.lproj/LaunchScreen.storyboard; sourceTree = "<group>"; };
		841649671D6687A6002065C1 /* Info.plist */ = {isa = PBXFileReference; lastKnownFileType = text.plist.xml; path = Info.plist; sourceTree = "<group>"; };
		8416496C1D6687A6002065C1 /* HandwritingSecurityTests.xctest */ = {isa = PBXFileReference; explicitFileType = wrapper.cfbundle; includeInIndex = 0; path = HandwritingSecurityTests.xctest; sourceTree = BUILT_PRODUCTS_DIR; };
		841649701D6687A6002065C1 /* HandwritingSecurityTests.swift */ = {isa = PBXFileReference; lastKnownFileType = sourcecode.swift; path = HandwritingSecurityTests.swift; sourceTree = "<group>"; };
		841649721D6687A6002065C1 /* Info.plist */ = {isa = PBXFileReference; lastKnownFileType = text.plist.xml; path = Info.plist; sourceTree = "<group>"; };
		841649771D6687A6002065C1 /* HandwritingSecurityUITests.xctest */ = {isa = PBXFileReference; explicitFileType = wrapper.cfbundle; includeInIndex = 0; path = HandwritingSecurityUITests.xctest; sourceTree = BUILT_PRODUCTS_DIR; };
		8416497B1D6687A6002065C1 /* HandwritingSecurityUITests.swift */ = {isa = PBXFileReference; lastKnownFileType = sourcecode.swift; path = HandwritingSecurityUITests.swift; sourceTree = "<group>"; };
		8416497D1D6687A6002065C1 /* Info.plist */ = {isa = PBXFileReference; lastKnownFileType = text.plist.xml; path = Info.plist; sourceTree = "<group>"; };
/* End PBXFileReference section */

/* Begin PBXFrameworksBuildPhase section */
		841649551D6687A6002065C1 /* Frameworks */ = {
			isa = PBXFrameworksBuildPhase;
			buildActionMask = 2147483647;
			files = (
			);
			runOnlyForDeploymentPostprocessing = 0;
		};
		841649691D6687A6002065C1 /* Frameworks */ = {
			isa = PBXFrameworksBuildPhase;
			buildActionMask = 2147483647;
			files = (
			);
			runOnlyForDeploymentPostprocessing = 0;
		};
		841649741D6687A6002065C1 /* Frameworks */ = {
			isa = PBXFrameworksBuildPhase;
			buildActionMask = 2147483647;
			files = (
			);
			runOnlyForDeploymentPostprocessing = 0;
		};
/* End PBXFrameworksBuildPhase section */

/* Begin PBXGroup section */
		8416494F1D6687A6002065C1 = {
			isa = PBXGroup;
			children = (
				8416495A1D6687A6002065C1 /* HandwritingSecurity */,
				8416496F1D6687A6002065C1 /* HandwritingSecurityTests */,
				8416497A1D6687A6002065C1 /* HandwritingSecurityUITests */,
				841649591D6687A6002065C1 /* Products */,
			);
			sourceTree = "<group>";
		};
		841649591D6687A6002065C1 /* Products */ = {
			isa = PBXGroup;
			children = (
				841649581D6687A6002065C1 /* HandwritingSecurity.app */,
				8416496C1D6687A6002065C1 /* HandwritingSecurityTests.xctest */,
				841649771D6687A6002065C1 /* HandwritingSecurityUITests.xctest */,
			);
			name = Products;
			sourceTree = "<group>";
		};
		8416495A1D6687A6002065C1 /* HandwritingSecurity */ = {
			isa = PBXGroup;
			children = (
				8416495B1D6687A6002065C1 /* AppDelegate.swift */,
				8416495D1D6687A6002065C1 /* ViewController.swift */,
				8416495F1D6687A6002065C1 /* Main.storyboard */,
				841649621D6687A6002065C1 /* Assets.xcassets */,
				841649641D6687A6002065C1 /* LaunchScreen.storyboard */,
				841649671D6687A6002065C1 /* Info.plist */,
			);
			path = HandwritingSecurity;
			sourceTree = "<group>";
		};
		8416496F1D6687A6002065C1 /* HandwritingSecurityTests */ = {
			isa = PBXGroup;
			children = (
				841649701D6687A6002065C1 /* HandwritingSecurityTests.swift */,
				841649721D6687A6002065C1 /* Info.plist */,
			);
			path = HandwritingSecurityTests;
			sourceTree = "<group>";
		};
		8416497A1D6687A6002065C1 /* HandwritingSecurityUITests */ = {
			isa = PBXGroup;
			children = (
				8416497B1D6687A6002065C1 /* HandwritingSecurityUITests.swift */,
				8416497D1D6687A6002065C1 /* Info.plist */,
			);
			path = HandwritingSecurityUITests;
			sourceTree = "<group>";
		};
/* End PBXGroup section */

/* Begin PBXNativeTarget section */
		841649571D6687A6002065C1 /* HandwritingSecurity */ = {
			isa = PBXNativeTarget;
			buildConfigurationList = 841649801D6687A6002065C1 /* Build configuration list for PBXNativeTarget "HandwritingSecurity" */;
			buildPhases = (
				841649541D6687A6002065C1 /* Sources */,
				841649551D6687A6002065C1 /* Frameworks */,
				841649561D6687A6002065C1 /* Resources */,
			);
			buildRules = (
			);
			dependencies = (
			);
			name = HandwritingSecurity;
			productName = HandwritingSecurity;
			productReference = 841649581D6687A6002065C1 /* HandwritingSecurity.app */;
			productType = "com.apple.product-type.application";
		};
		8416496B1D6687A6002065C1 /* HandwritingSecurityTests */ = {
			isa = PBXNativeTarget;
			buildConfigurationList = 841649831D6687A6002065C1 /* Build configuration list for PBXNativeTarget "HandwritingSecurityTests" */;
			buildPhases = (
				841649681D6687A6002065C1 /* Sources */,
				841649691D6687A6002065C1 /* Frameworks */,
				8416496A1D6687A6002065C1 /* Resources */,
			);
			buildRules = (
			);
			dependencies = (
				8416496E1D6687A6002065C1 /* PBXTargetDependency */,
			);
			name = HandwritingSecurityTests;
			productName = HandwritingSecurityTests;
			productReference = 8416496C1D6687A6002065C1 /* HandwritingSecurityTests.xctest */;
			productType = "com.apple.product-type.bundle.unit-test";
		};
		841649761D6687A6002065C1 /* HandwritingSecurityUITests */ = {
			isa = PBXNativeTarget;
			buildConfigurationList = 841649861D6687A6002065C1 /* Build configuration list for PBXNativeTarget "HandwritingSecurityUITests" */;
			buildPhases = (
				841649731D6687A6002065C1 /* Sources */,
				841649741D6687A6002065C1 /* Frameworks */,
				841649751D6687A6002065C1 /* Resources */,
			);
			buildRules = (
			);
			dependencies = (
				841649791D6687A6002065C1 /* PBXTargetDependency */,
			);
			name = HandwritingSecurityUITests;
			productName = HandwritingSecurityUITests;
			productReference = 841649771D6687A6002065C1 /* HandwritingSecurityUITests.xctest */;
			productType = "com.apple.product-type.bundle.ui-testing";
		};
/* End PBXNativeTarget section */

/* Begin PBXProject section */
		841649501D6687A6002065C1 /* Project object */ = {
			isa = PBXProject;
			attributes = {
				LastSwiftUpdateCheck = 0730;
				LastUpgradeCheck = 0730;
				ORGANIZATIONNAME = AAkash;
				TargetAttributes = {
					841649571D6687A6002065C1 = {
						CreatedOnToolsVersion = 7.3.1;
					};
					8416496B1D6687A6002065C1 = {
						CreatedOnToolsVersion = 7.3.1;
						TestTargetID = 841649571D6687A6002065C1;
					};
					841649761D6687A6002065C1 = {
						CreatedOnToolsVersion = 7.3.1;
						TestTargetID = 841649571D6687A6002065C1;
					};
				};
			};
			buildConfigurationList = 841649531D6687A6002065C1 /* Build configuration list for PBXProject "HandwritingSecurity" */;
			compatibilityVersion = "Xcode 3.2";
			developmentRegion = English;
			hasScannedForEncodings = 0;
			knownRegions = (
				en,
				Base,
			);
			mainGroup = 8416494F1D6687A6002065C1;
			productRefGroup = 841649591D6687A6002065C1 /* Products */;
			projectDirPath = "";
			projectRoot = "";
			targets = (
				841649571D6687A6002065C1 /* HandwritingSecurity */,
				8416496B1D6687A6002065C1 /* HandwritingSecurityTests */,
				841649761D6687A6002065C1 /* HandwritingSecurityUITests */,
			);
		};
/* End PBXProject section */

/* Begin PBXResourcesBuildPhase section */
		841649561D6687A6002065C1 /* Resources */ = {
			isa = PBXResourcesBuildPhase;
			buildActionMask = 2147483647;
			files = (
				841649661D6687A6002065C1 /* LaunchScreen.storyboard in Resources */,
				841649631D6687A6002065C1 /* Assets.xcassets in Resources */,
				841649611D6687A6002065C1 /* Main.storyboard in Resources */,
			);
			runOnlyForDeploymentPostprocessing = 0;
		};
		8416496A1D6687A6002065C1 /* Resources */ = {
			isa = PBXResourcesBuildPhase;
			buildActionMask = 2147483647;
			files = (
			);
			runOnlyForDeploymentPostprocessing = 0;
		};
		841649751D6687A6002065C1 /* Resources */ = {
			isa = PBXResourcesBuildPhase;
			buildActionMask = 2147483647;
			files = (
			);
			runOnlyForDeploymentPostprocessing = 0;
		};
/* End PBXResourcesBuildPhase section */

/* Begin PBXSourcesBuildPhase section */
		841649541D6687A6002065C1 /* Sources */ = {
			isa = PBXSourcesBuildPhase;
			buildActionMask = 2147483647;
			files = (
				8416495E1D6687A6002065C1 /* ViewController.swift in Sources */,
				8416495C1D6687A6002065C1 /* AppDelegate.swift in Sources */,
			);
			runOnlyForDeploymentPostprocessing = 0;
		};
		841649681D6687A6002065C1 /* Sources */ = {
			isa = PBXSourcesBuildPhase;
			buildActionMask = 2147483647;
			files = (
				841649711D6687A6002065C1 /* HandwritingSecurityTests.swift in Sources */,
			);
			runOnlyForDeploymentPostprocessing = 0;
		};
		841649731D6687A6002065C1 /* Sources */ = {
			isa = PBXSourcesBuildPhase;
			buildActionMask = 2147483647;
			files = (
				8416497C1D6687A6002065C1 /* HandwritingSecurityUITests.swift in Sources */,
			);
			runOnlyForDeploymentPostprocessing = 0;
		};
/* End PBXSourcesBuildPhase section */

/* Begin PBXTargetDependency section */
		8416496E1D6687A6002065C1 /* PBXTargetDependency */ = {
			isa = PBXTargetDependency;
			target = 841649571D6687A6002065C1 /* HandwritingSecurity */;
			targetProxy = 8416496D1D6687A6002065C1 /* PBXContainerItemProxy */;
		};
		841649791D6687A6002065C1 /* PBXTargetDependency */ = {
			isa = PBXTargetDependency;
			target = 841649571D6687A6002065C1 /* HandwritingSecurity */;
			targetProxy = 841649781D6687A6002065C1 /* PBXContainerItemProxy */;
		};
/* End PBXTargetDependency section */

/* Begin PBXVariantGroup section */
		8416495F1D6687A6002065C1 /* Main.storyboard */ = {
			isa = PBXVariantGroup;
			children = (
				841649601D6687A6002065C1 /* Base */,
			);
			name = Main.storyboard;
			sourceTree = "<group>";
		};
		841649641D6687A6002065C1 /* LaunchScreen.storyboard */ = {
			isa = PBXVariantGroup;
			children = (
				841649651D6687A6002065C1 /* Base */,
			);
			name = LaunchScreen.storyboard;
			sourceTree = "<group>";
		};
/* End PBXVariantGroup section */

/* Begin XCBuildConfiguration section */
		8416497E1D6687A6002065C1 /* Debug */ = {
			isa = XCBuildConfiguration;
			buildSettings = {
				ALWAYS_SEARCH_USER_PATHS = NO;
				CLANG_ANALYZER_NONNULL = YES;
				CLANG_CXX_LANGUAGE_STANDARD = "gnu++0x";
				CLANG_CXX_LIBRARY = "libc++";
				CLANG_ENABLE_MODULES = YES;
				CLANG_ENABLE_OBJC_ARC = YES;
				CLANG_WARN_BOOL_CONVERSION = YES;
				CLANG_WARN_CONSTANT_CONVERSION = YES;
				CLANG_WARN_DIRECT_OBJC_ISA_USAGE = YES_ERROR;
				CLANG_WARN_EMPTY_BODY = YES;
				CLANG_WARN_ENUM_CONVERSION = YES;
				CLANG_WARN_INT_CONVERSION = YES;
				CLANG_WARN_OBJC_ROOT_CLASS = YES_ERROR;
				CLANG_WARN_UNREACHABLE_CODE = YES;
				CLANG_WARN__DUPLICATE_METHOD_MATCH = YES;
				"CODE_SIGN_IDENTITY[sdk=iphoneos*]" = "iPhone Developer";
				COPY_PHASE_STRIP = NO;
				DEBUG_INFORMATION_FORMAT = dwarf;
				ENABLE_STRICT_OBJC_MSGSEND = YES;
				ENABLE_TESTABILITY = YES;
				GCC_C_LANGUAGE_STANDARD = gnu99;
				GCC_DYNAMIC_NO_PIC = NO;
				GCC_NO_COMMON_BLOCKS = YES;
				GCC_OPTIMIZATION_LEVEL = 0;
				GCC_PREPROCESSOR_DEFINITIONS = (
					"DEBUG=1",
					"$(inherited)",
				);
				GCC_WARN_64_TO_32_BIT_CONVERSION = YES;
				GCC_WARN_ABOUT_RETURN_TYPE = YES_ERROR;
				GCC_WARN_UNDECLARED_SELECTOR = YES;
				GCC_WARN_UNINITIALIZED_AUTOS = YES_AGGRESSIVE;
				GCC_WARN_UNUSED_FUNCTION = YES;
				GCC_WARN_UNUSED_VARIABLE = YES;
				IPHONEOS_DEPLOYMENT_TARGET = 9.3;
				MTL_ENABLE_DEBUG_INFO = YES;
				ONLY_ACTIVE_ARCH = YES;
				SDKROOT = iphoneos;
				SWIFT_OPTIMIZATION_LEVEL = "-Onone";
			};
			name = Debug;
		};
		8416497F1D6687A6002065C1 /* Release */ = {
			isa = XCBuildConfiguration;
			buildSettings = {
				ALWAYS_SEARCH_USER_PATHS = NO;
				CLANG_ANALYZER_NONNULL = YES;
				CLANG_CXX_LANGUAGE_STANDARD = "gnu++0x";
				CLANG_CXX_LIBRARY = "libc++";
				CLANG_ENABLE_MODULES = YES;
				CLANG_ENABLE_OBJC_ARC = YES;
				CLANG_WARN_BOOL_CONVERSION = YES;
				CLANG_WARN_CONSTANT_CONVERSION = YES;
				CLANG_WARN_DIRECT_OBJC_ISA_USAGE = YES_ERROR;
				CLANG_WARN_EMPTY_BODY = YES;
				CLANG_WARN_ENUM_CONVERSION = YES;
				CLANG_WARN_INT_CONVERSION = YES;
				CLANG_WARN_OBJC_ROOT_CLASS = YES_ERROR;
				CLANG_WARN_UNREACHABLE_CODE = YES;
				CLANG_WARN__DUPLICATE_METHOD_MATCH = YES;
				"CODE_SIGN_IDENTITY[sdk=iphoneos*]" = "iPhone Developer";
				COPY_PHASE_STRIP = NO;
				DEBUG_INFORMATION_FORMAT = "dwarf-with-dsym";
				ENABLE_NS_ASSERTIONS = NO;
				ENABLE_STRICT_OBJC_MSGSEND = YES;
				GCC_C_LANGUAGE_STANDARD = gnu99;
				GCC_NO_COMMON_BLOCKS = YES;
				GCC_WARN_64_TO_32_BIT_CONVERSION = YES;
				GCC_WARN_ABOUT_RETURN_TYPE = YES_ERROR;
				GCC_WARN_UNDECLARED_SELECTOR = YES;
				GCC_WARN_UNINITIALIZED_AUTOS = YES_AGGRESSIVE;
				GCC_WARN_UNUSED_FUNCTION = YES;
				GCC_WARN_UNUSED_VARIABLE = YES;
				IPHONEOS_DEPLOYMENT_TARGET = 9.3;
				MTL_ENABLE_DEBUG_INFO = NO;
				SDKROOT = iphoneos;
				VALIDATE_PRODUCT = YES;
			};
			name = Release;
		};
		841649811D6687A6002065C1 /* Debug */ = {
			isa = XCBuildConfiguration;
			buildSettings = {
				ASSETCATALOG_COMPILER_APPICON_NAME = AppIcon;
				INFOPLIST_FILE = HandwritingSecurity/Info.plist;
				LD_RUNPATH_SEARCH_PATHS = "$(inherited) @executable_path/Frameworks";
				PRODUCT_BUNDLE_IDENTIFIER = com.calc.aakash.HandwritingSecurity;
				PRODUCT_NAME = "$(TARGET_NAME)";
			};
			name = Debug;
		};
		841649821D6687A6002065C1 /* Release */ = {
			isa = XCBuildConfiguration;
			buildSettings = {
				ASSETCATALOG_COMPILER_APPICON_NAME = AppIcon;
				INFOPLIST_FILE = HandwritingSecurity/Info.plist;
				LD_RUNPATH_SEARCH_PATHS = "$(inherited) @executable_path/Frameworks";
				PRODUCT_BUNDLE_IDENTIFIER = com.calc.aakash.HandwritingSecurity;
				PRODUCT_NAME = "$(TARGET_NAME)";
			};
			name = Release;
		};
		841649841D6687A6002065C1 /* Debug */ = {
			isa = XCBuildConfiguration;
			buildSettings = {
				BUNDLE_LOADER = "$(TEST_HOST)";
				INFOPLIST_FILE = HandwritingSecurityTests/Info.plist;
				LD_RUNPATH_SEARCH_PATHS = "$(inherited) @executable_path/Frameworks @loader_path/Frameworks";
				PRODUCT_BUNDLE_IDENTIFIER = com.calc.aakash.HandwritingSecurityTests;
				PRODUCT_NAME = "$(TARGET_NAME)";
				TEST_HOST = "$(BUILT_PRODUCTS_DIR)/HandwritingSecurity.app/HandwritingSecurity";
			};
			name = Debug;
		};
		841649851D6687A6002065C1 /* Release */ = {
			isa = XCBuildConfiguration;
			buildSettings = {
				BUNDLE_LOADER = "$(TEST_HOST)";
				INFOPLIST_FILE = HandwritingSecurityTests/Info.plist;
				LD_RUNPATH_SEARCH_PATHS = "$(inherited) @executable_path/Frameworks @loader_path/Frameworks";
				PRODUCT_BUNDLE_IDENTIFIER = com.calc.aakash.HandwritingSecurityTests;
				PRODUCT_NAME = "$(TARGET_NAME)";
				TEST_HOST = "$(BUILT_PRODUCTS_DIR)/HandwritingSecurity.app/HandwritingSecurity";
			};
			name = Release;
		};
		841649871D6687A6002065C1 /* Debug */ = {
			isa = XCBuildConfiguration;
			buildSettings = {
				INFOPLIST_FILE = HandwritingSecurityUITests/Info.plist;
				LD_RUNPATH_SEARCH_PATHS = "$(inherited) @executable_path/Frameworks @loader_path/Frameworks";
				PRODUCT_BUNDLE_IDENTIFIER = com.calc.aakash.HandwritingSecurityUITests;
				PRODUCT_NAME = "$(TARGET_NAME)";
				TEST_TARGET_NAME = HandwritingSecurity;
			};
			name = Debug;
		};
		841649881D6687A6002065C1 /* Release */ = {
			isa = XCBuildConfiguration;
			buildSettings = {
				INFOPLIST_FILE = HandwritingSecurityUITests/Info.plist;
				LD_RUNPATH_SEARCH_PATHS = "$(inherited) @executable_path/Frameworks @loader_path/Frameworks";
				PRODUCT_BUNDLE_IDENTIFIER = com.calc.aakash.HandwritingSecurityUITests;
				PRODUCT_NAME = "$(TARGET_NAME)";
				TEST_TARGET_NAME = HandwritingSecurity;
			};
			name = Release;
		};
/* End XCBuildConfiguration section */

/* Begin XCConfigurationList section */
		841649531D6687A6002065C1 /* Build configuration list for PBXProject "HandwritingSecurity" */ = {
			isa = XCConfigurationList;
			buildConfigurations = (
				8416497E1D6687A6002065C1 /* Debug */,
				8416497F1D6687A6002065C1 /* Release */,
			);
			defaultConfigurationIsVisible = 0;
			defaultConfigurationName = Release;
		};
		841649801D6687A6002065C1 /* Build configuration list for PBXNativeTarget "HandwritingSecurity" */ = {
			isa = XCConfigurationList;
			buildConfigurations = (
				841649811D6687A6002065C1 /* Debug */,
				841649821D6687A6002065C1 /* Release */,
			);
			defaultConfigurationIsVisible = 0;
		};
		841649831D6687A6002065C1 /* Build configuration list for PBXNativeTarget "HandwritingSecurityTests" */ = {
			isa = XCConfigurationList;
			buildConfigurations = (
				841649841D6687A6002065C1 /* Debug */,
				841649851D6687A6002065C1 /* Release */,
			);
			defaultConfigurationIsVisible = 0;
		};
		841649861D6687A6002065C1 /* Build configuration list for PBXNativeTarget "HandwritingSecurityUITests" */ = {
			isa = XCConfigurationList;
			buildConfigurations = (
				841649871D6687A6002065C1 /* Debug */,
				841649881D6687A6002065C1 /* Release */,
			);
			defaultConfigurationIsVisible = 0;
		};
/* End XCConfigurationList section */
	};
	rootObject = 841649501D6687A6002065C1 /* Project object */;
}
